
Microsoft Visual Studio Solution File, Format Version 12.00
# Visual Studio Version 17
VisualStudioVersion = 17.5.002.0
MinimumVisualStudioVersion = 10.0.40219.1
Project("{2150E333-8FDC-42A3-9474-1A3956D46DE8}") = "glean", "glean", "{AE6DB4CC-E58A-4AE2-AAAE-5F61A2FDFB6C}"
EndProject
Project("{2150E333-8FDC-42A3-9474-1A3956D46DE8}") = "lang", "lang", "{73363760-8F0E-4E4D-B0F4-31FA4F61A104}"
EndProject
Project("{2150E333-8FDC-42A3-9474-1A3956D46DE8}") = "dotnet-scip", "dotnet-scip", "{320CC8FE-C7AF-49B8-B417-131491F5333D}"
EndProject
Project("{2150E333-8FDC-42A3-9474-1A3956D46DE8}") = "tests", "tests", "{D772E958-E71F-475A-A3AB-8BB006FEB78E}"
EndProject
Project("{2150E333-8FDC-42A3-9474-1A3956D46DE8}") = "cases", "cases", "{83482A14-5C72-4450-8107-4983BA3CF2A4}"
EndProject
Project("{2150E333-8FDC-42A3-9474-1A3956D46DE8}") = "xrefs", "xrefs", "{9553FA94-A3D4-46D0-8D55-833520D81716}"
EndProject
Project("{9A19103F-16F7-4668-BE54-9A1E7A4F7556}") = "src", "glean\lang\dotnet-scip\tests\cases\xrefs\src\src.csproj", "{122B019D-B9CE-4611-80B6-2236A2555A39}"
EndProject
Global
	GlobalSection(SolutionConfigurationPlatforms) = preSolution
		Debug|Any CPU = Debug|Any CPU
		Release|Any CPU = Release|Any CPU
	EndGlobalSection
	GlobalSection(ProjectConfigurationPlatforms) = postSolution
		{122B019D-B9CE-4611-80B6-2236A2555A39}.Debug|Any CPU.ActiveCfg = Debug|Any CPU
		{122B019D-B9CE-4611-80B6-2236A2555A39}.Debug|Any CPU.Build.0 = Debug|Any CPU
		{122B019D-B9CE-4611-80B6-2236A2555A39}.Release|Any CPU.ActiveCfg = Release|Any CPU
		{122B019D-B9CE-4611-80B6-2236A2555A39}.Release|Any CPU.Build.0 = Release|Any CPU
	EndGlobalSection
	GlobalSection(SolutionProperties) = preSolution
		HideSolutionNode = FALSE
	EndGlobalSection
	GlobalSection(NestedProjects) = preSolution
		{73363760-8F0E-4E4D-B0F4-31FA4F61A104} = {AE6DB4CC-E58A-4AE2-AAAE-5F61A2FDFB6C}
		{320CC8FE-C7AF-49B8-B417-131491F5333D} = {73363760-8F0E-4E4D-B0F4-31FA4F61A104}
		{D772E958-E71F-475A-A3AB-8BB006FEB78E} = {320CC8FE-C7AF-49B8-B417-131491F5333D}
		{83482A14-5C72-4450-8107-4983BA3CF2A4} = {D772E958-E71F-475A-A3AB-8BB006FEB78E}
		{9553FA94-A3D4-46D0-8D55-833520D81716} = {83482A14-5C72-4450-8107-4983BA3CF2A4}
		{122B019D-B9CE-4611-80B6-2236A2555A39} = {9553FA94-A3D4-46D0-8D55-833520D81716}
	EndGlobalSection
	GlobalSection(ExtensibilityGlobals) = postSolution
		SolutionGuid = {C0D24502-1109-4373-AFF3-D41AF5F2A3BA}
	EndGlobalSection
EndGlobal
